// !$*UTF8*$!
{
	archiveVersion = 1;
	classes = {
	};
	objectVersion = 46;
	objects = {

/* Begin PBXBuildFile section */
		9217DAFC1A6E17D800617752 /* ShopViewController.swift in Sources */ = {isa = PBXBuildFile; fileRef = 9217DAFB1A6E17D800617752 /* ShopViewController.swift */; };
		927615081A6E4A5A00D49A81 /* image2.jpg in Resources */ = {isa = PBXBuildFile; fileRef = 927615061A6E4A5A00D49A81 /* image2.jpg */; };
		927615091A6E4A5A00D49A81 /* image3.jpg in Resources */ = {isa = PBXBuildFile; fileRef = 927615071A6E4A5A00D49A81 /* image3.jpg */; };
		92F6344D1A5FAD9500F8D912 /* AppDelegate.swift in Sources */ = {isa = PBXBuildFile; fileRef = 92F6344C1A5FAD9500F8D912 /* AppDelegate.swift */; };
		92F6344F1A5FAD9500F8D912 /* ShopListViewController.swift in Sources */ = {isa = PBXBuildFile; fileRef = 92F6344E1A5FAD9500F8D912 /* ShopListViewController.swift */; };
		92F634521A5FAD9500F8D912 /* Main.storyboard in Resources */ = {isa = PBXBuildFile; fileRef = 92F634501A5FAD9500F8D912 /* Main.storyboard */; };
		92F634541A5FAD9500F8D912 /* Images.xcassets in Resources */ = {isa = PBXBuildFile; fileRef = 92F634531A5FAD9500F8D912 /* Images.xcassets */; };
		92F634571A5FAD9500F8D912 /* LaunchScreen.xib in Resources */ = {isa = PBXBuildFile; fileRef = 92F634551A5FAD9500F8D912 /* LaunchScreen.xib */; };
		92F634631A5FAD9500F8D912 /* ShopTweetTests.swift in Sources */ = {isa = PBXBuildFile; fileRef = 92F634621A5FAD9500F8D912 /* ShopTweetTests.swift */; };
/* End PBXBuildFile section */

/* Begin PBXContainerItemProxy section */
		92F6345D1A5FAD9500F8D912 /* PBXContainerItemProxy */ = {
			isa = PBXContainerItemProxy;
			containerPortal = 92F6343F1A5FAD9500F8D912 /* Project object */;
			proxyType = 1;
			remoteGlobalIDString = 92F634461A5FAD9500F8D912;
			remoteInfo = ShopTweet;
		};
/* End PBXContainerItemProxy section */

/* Begin PBXFileReference section */
		9217DAFB1A6E17D800617752 /* ShopViewController.swift */ = {isa = PBXFileReference; fileEncoding = 4; lastKnownFileType = sourcecode.swift; path = ShopViewController.swift; sourceTree = "<group>"; };
		927615061A6E4A5A00D49A81 /* image2.jpg */ = {isa = PBXFileReference; lastKnownFileType = image.jpeg; path = image2.jpg; sourceTree = "<group>"; };
		927615071A6E4A5A00D49A81 /* image3.jpg */ = {isa = PBXFileReference; lastKnownFileType = image.jpeg; path = image3.jpg; sourceTree = "<group>"; };
		92F634471A5FAD9500F8D912 /* ShopTweet.app */ = {isa = PBXFileReference; explicitFileType = wrapper.application; includeInIndex = 0; path = ShopTweet.app; sourceTree = BUILT_PRODUCTS_DIR; };
		92F6344B1A5FAD9500F8D912 /* Info.plist */ = {isa = PBXFileReference; lastKnownFileType = text.plist.xml; path = Info.plist; sourceTree = "<group>"; };
		92F6344C1A5FAD9500F8D912 /* AppDelegate.swift */ = {isa = PBXFileReference; lastKnownFileType = sourcecode.swift; path = AppDelegate.swift; sourceTree = "<group>"; };
		92F6344E1A5FAD9500F8D912 /* ShopListViewController.swift */ = {isa = PBXFileReference; lastKnownFileType = sourcecode.swift; path = ShopListViewController.swift; sourceTree = "<group>"; };
		92F634511A5FAD9500F8D912 /* Base */ = {isa = PBXFileReference; lastKnownFileType = file.storyboard; name = Base; path = Base.lproj/Main.storyboard; sourceTree = "<group>"; };
		92F634531A5FAD9500F8D912 /* Images.xcassets */ = {isa = PBXFileReference; lastKnownFileType = folder.assetcatalog; path = Images.xcassets; sourceTree = "<group>"; };
		92F634561A5FAD9500F8D912 /* Base */ = {isa = PBXFileReference; lastKnownFileType = file.xib; name = Base; path = Base.lproj/LaunchScreen.xib; sourceTree = "<group>"; };
		92F6345C1A5FAD9500F8D912 /* ShopTweetTests.xctest */ = {isa = PBXFileReference; explicitFileType = wrapper.cfbundle; includeInIndex = 0; path = ShopTweetTests.xctest; sourceTree = BUILT_PRODUCTS_DIR; };
		92F634611A5FAD9500F8D912 /* Info.plist */ = {isa = PBXFileReference; lastKnownFileType = text.plist.xml; path = Info.plist; sourceTree = "<group>"; };
		92F634621A5FAD9500F8D912 /* ShopTweetTests.swift */ = {isa = PBXFileReference; lastKnownFileType = sourcecode.swift; path = ShopTweetTests.swift; sourceTree = "<group>"; };
/* End PBXFileReference section */

/* Begin PBXFrameworksBuildPhase section */
		92F634441A5FAD9500F8D912 /* Frameworks */ = {
			isa = PBXFrameworksBuildPhase;
			buildActionMask = 2147483647;
			files = (
			);
			runOnlyForDeploymentPostprocessing = 0;
		};
		92F634591A5FAD9500F8D912 /* Frameworks */ = {
			isa = PBXFrameworksBuildPhase;
			buildActionMask = 2147483647;
			files = (
			);
			runOnlyForDeploymentPostprocessing = 0;
		};
/* End PBXFrameworksBuildPhase section */

/* Begin PBXGroup section */
		92F6343E1A5FAD9500F8D912 = {
			isa = PBXGroup;
			children = (
				92F634491A5FAD9500F8D912 /* ShopTweet */,
				92F6345F1A5FAD9500F8D912 /* ShopTweetTests */,
				92F634481A5FAD9500F8D912 /* Products */,
			);
			sourceTree = "<group>";
		};
		92F634481A5FAD9500F8D912 /* Products */ = {
			isa = PBXGroup;
			children = (
				92F634471A5FAD9500F8D912 /* ShopTweet.app */,
				92F6345C1A5FAD9500F8D912 /* ShopTweetTests.xctest */,
			);
			name = Products;
			sourceTree = "<group>";
		};
		92F634491A5FAD9500F8D912 /* ShopTweet */ = {
			isa = PBXGroup;
			children = (
				92F6344C1A5FAD9500F8D912 /* AppDelegate.swift */,
				92F6344E1A5FAD9500F8D912 /* ShopListViewController.swift */,
				9217DAFB1A6E17D800617752 /* ShopViewController.swift */,
				92F634501A5FAD9500F8D912 /* Main.storyboard */,
				92F634531A5FAD9500F8D912 /* Images.xcassets */,
				92F634551A5FAD9500F8D912 /* LaunchScreen.xib */,
				927615061A6E4A5A00D49A81 /* image2.jpg */,
				927615071A6E4A5A00D49A81 /* image3.jpg */,
				92F6344A1A5FAD9500F8D912 /* Supporting Files */,
			);
			path = ShopTweet;
			sourceTree = "<group>";
		};
		92F6344A1A5FAD9500F8D912 /* Supporting Files */ = {
			isa = PBXGroup;
			children = (
				92F6344B1A5FAD9500F8D912 /* Info.plist */,
			);
			name = "Supporting Files";
			sourceTree = "<group>";
		};
		92F6345F1A5FAD9500F8D912 /* ShopTweetTests */ = {
			isa = PBXGroup;
			children = (
				92F634621A5FAD9500F8D912 /* ShopTweetTests.swift */,
				92F634601A5FAD9500F8D912 /* Supporting Files */,
			);
			path = ShopTweetTests;
			sourceTree = "<group>";
		};
		92F634601A5FAD9500F8D912 /* Supporting Files */ = {
			isa = PBXGroup;
			children = (
				92F634611A5FAD9500F8D912 /* Info.plist */,
			);
			name = "Supporting Files";
			sourceTree = "<group>";
		};
/* End PBXGroup section */

/* Begin PBXNativeTarget section */
		92F634461A5FAD9500F8D912 /* ShopTweet */ = {
			isa = PBXNativeTarget;
			buildConfigurationList = 92F634661A5FAD9500F8D912 /* Build configuration list for PBXNativeTarget "ShopTweet" */;
			buildPhases = (
				92F634431A5FAD9500F8D912 /* Sources */,
				92F634441A5FAD9500F8D912 /* Frameworks */,
				92F634451A5FAD9500F8D912 /* Resources */,
			);
			buildRules = (
			);
			dependencies = (
			);
			name = ShopTweet;
			productName = ShopTweet;
			productReference = 92F634471A5FAD9500F8D912 /* ShopTweet.app */;
			productType = "com.apple.product-type.application";
		};
		92F6345B1A5FAD9500F8D912 /* ShopTweetTests */ = {
			isa = PBXNativeTarget;
			buildConfigurationList = 92F634691A5FAD9500F8D912 /* Build configuration list for PBXNativeTarget "ShopTweetTests" */;
			buildPhases = (
				92F634581A5FAD9500F8D912 /* Sources */,
				92F634591A5FAD9500F8D912 /* Frameworks */,
				92F6345A1A5FAD9500F8D912 /* Resources */,
			);
			buildRules = (
			);
			dependencies = (
				92F6345E1A5FAD9500F8D912 /* PBXTargetDependency */,
			);
			name = ShopTweetTests;
			productName = ShopTweetTests;
			productReference = 92F6345C1A5FAD9500F8D912 /* ShopTweetTests.xctest */;
			productType = "com.apple.product-type.bundle.unit-test";
		};
/* End PBXNativeTarget section */

/* Begin PBXProject section */
		92F6343F1A5FAD9500F8D912 /* Project object */ = {
			isa = PBXProject;
			attributes = {
				LastUpgradeCheck = 0610;
				ORGANIZATIONNAME = "Yoshihisa Katsumata";
				TargetAttributes = {
					92F634461A5FAD9500F8D912 = {
						CreatedOnToolsVersion = 6.1.1;
					};
					92F6345B1A5FAD9500F8D912 = {
						CreatedOnToolsVersion = 6.1.1;
						TestTargetID = 92F634461A5FAD9500F8D912;
					};
				};
			};
			buildConfigurationList = 92F634421A5FAD9500F8D912 /* Build configuration list for PBXProject "ShopTweet" */;
			compatibilityVersion = "Xcode 3.2";
			developmentRegion = English;
			hasScannedForEncodings = 0;
			knownRegions = (
				en,
				Base,
			);
			mainGroup = 92F6343E1A5FAD9500F8D912;
			productRefGroup = 92F634481A5FAD9500F8D912 /* Products */;
			projectDirPath = "";
			projectRoot = "";
			targets = (
				92F634461A5FAD9500F8D912 /* ShopTweet */,
				92F6345B1A5FAD9500F8D912 /* ShopTweetTests */,
			);
		};
/* End PBXProject section */

/* Begin PBXResourcesBuildPhase section */
		92F634451A5FAD9500F8D912 /* Resources */ = {
			isa = PBXResourcesBuildPhase;
			buildActionMask = 2147483647;
			files = (
				92F634521A5FAD9500F8D912 /* Main.storyboard in Resources */,
				927615091A6E4A5A00D49A81 /* image3.jpg in Resources */,
				92F634571A5FAD9500F8D912 /* LaunchScreen.xib in Resources */,
				927615081A6E4A5A00D49A81 /* image2.jpg in Resources */,
				92F634541A5FAD9500F8D912 /* Images.xcassets in Resources */,
			);
			runOnlyForDeploymentPostprocessing = 0;
		};
		92F6345A1A5FAD9500F8D912 /* Resources */ = {
			isa = PBXResourcesBuildPhase;
			buildActionMask = 2147483647;
			files = (
			);
			runOnlyForDeploymentPostprocessing = 0;
		};
/* End PBXResourcesBuildPhase section */

/* Begin PBXSourcesBuildPhase section */
		92F634431A5FAD9500F8D912 /* Sources */ = {
			isa = PBXSourcesBuildPhase;
			buildActionMask = 2147483647;
			files = (
				92F6344F1A5FAD9500F8D912 /* ShopListViewController.swift in Sources */,
				92F6344D1A5FAD9500F8D912 /* AppDelegate.swift in Sources */,
				9217DAFC1A6E17D800617752 /* ShopViewController.swift in Sources */,
			);
			runOnlyForDeploymentPostprocessing = 0;
		};
		92F634581A5FAD9500F8D912 /* Sources */ = {
			isa = PBXSourcesBuildPhase;
			buildActionMask = 2147483647;
			files = (
				92F634631A5FAD9500F8D912 /* ShopTweetTests.swift in Sources */,
			);
			runOnlyForDeploymentPostprocessing = 0;
		};
/* End PBXSourcesBuildPhase section */

/* Begin PBXTargetDependency section */
		92F6345E1A5FAD9500F8D912 /* PBXTargetDependency */ = {
			isa = PBXTargetDependency;
			target = 92F634461A5FAD9500F8D912 /* ShopTweet */;
			targetProxy = 92F6345D1A5FAD9500F8D912 /* PBXContainerItemProxy */;
		};
/* End PBXTargetDependency section */

/* Begin PBXVariantGroup section */
		92F634501A5FAD9500F8D912 /* Main.storyboard */ = {
			isa = PBXVariantGroup;
			children = (
				92F634511A5FAD9500F8D912 /* Base */,
			);
			name = Main.storyboard;
			sourceTree = "<group>";
		};
		92F634551A5FAD9500F8D912 /* LaunchScreen.xib */ = {
			isa = PBXVariantGroup;
			children = (
				92F634561A5FAD9500F8D912 /* Base */,
			);
			name = LaunchScreen.xib;
			sourceTree = "<group>";
		};
/* End PBXVariantGroup section */

/* Begin XCBuildConfiguration section */
		92F634641A5FAD9500F8D912 /* Debug */ = {
			isa = XCBuildConfiguration;
			buildSettings = {
				ALWAYS_SEARCH_USER_PATHS = NO;
				CLANG_CXX_LANGUAGE_STANDARD = "gnu++0x";
				CLANG_CXX_LIBRARY = "libc++";
				CLANG_ENABLE_MODULES = YES;
				CLANG_ENABLE_OBJC_ARC = YES;
				CLANG_WARN_BOOL_CONVERSION = YES;
				CLANG_WARN_CONSTANT_CONVERSION = YES;
				CLANG_WARN_DIRECT_OBJC_ISA_USAGE = YES_ERROR;
				CLANG_WARN_EMPTY_BODY = YES;
				CLANG_WARN_ENUM_CONVERSION = YES;
				CLANG_WARN_INT_CONVERSION = YES;
				CLANG_WARN_OBJC_ROOT_CLASS = YES_ERROR;
				CLANG_WARN_UNREACHABLE_CODE = YES;
				CLANG_WARN__DUPLICATE_METHOD_MATCH = YES;
				"CODE_SIGN_IDENTITY[sdk=iphoneos*]" = "iPhone Developer";
				COPY_PHASE_STRIP = NO;
				ENABLE_STRICT_OBJC_MSGSEND = YES;
				GCC_C_LANGUAGE_STANDARD = gnu99;
				GCC_DYNAMIC_NO_PIC = NO;
				GCC_OPTIMIZATION_LEVEL = 0;
				GCC_PREPROCESSOR_DEFINITIONS = (
					"DEBUG=1",
					"$(inherited)",
				);
				GCC_SYMBOLS_PRIVATE_EXTERN = NO;
				GCC_WARN_64_TO_32_BIT_CONVERSION = YES;
				GCC_WARN_ABOUT_RETURN_TYPE = YES_ERROR;
				GCC_WARN_UNDECLARED_SELECTOR = YES;
				GCC_WARN_UNINITIALIZED_AUTOS = YES_AGGRESSIVE;
				GCC_WARN_UNUSED_FUNCTION = YES;
				GCC_WARN_UNUSED_VARIABLE = YES;
				IPHONEOS_DEPLOYMENT_TARGET = 8.1;
				MTL_ENABLE_DEBUG_INFO = YES;
				ONLY_ACTIVE_ARCH = YES;
				SDKROOT = iphoneos;
				SWIFT_OPTIMIZATION_LEVEL = "-Onone";
				TARGETED_DEVICE_FAMILY = "1,2";
			};
			name = Debug;
		};
		92F634651A5FAD9500F8D912 /* Release */ = {
			isa = XCBuildConfiguration;
			buildSettings = {
				ALWAYS_SEARCH_USER_PATHS = NO;
				CLANG_CXX_LANGUAGE_STANDARD = "gnu++0x";
				CLANG_CXX_LIBRARY = "libc++";
				CLANG_ENABLE_MODULES = YES;
				CLANG_ENABLE_OBJC_ARC = YES;
				CLANG_WARN_BOOL_CONVERSION = YES;
				CLANG_WARN_CONSTANT_CONVERSION = YES;
				CLANG_WARN_DIRECT_OBJC_ISA_USAGE = YES_ERROR;
				CLANG_WARN_EMPTY_BODY = YES;
				CLANG_WARN_ENUM_CONVERSION = YES;
				CLANG_WARN_INT_CONVERSION = YES;
				CLANG_WARN_OBJC_ROOT_CLASS = YES_ERROR;
				CLANG_WARN_UNREACHABLE_CODE = YES;
				CLANG_WARN__DUPLICATE_METHOD_MATCH = YES;
				"CODE_SIGN_IDENTITY[sdk=iphoneos*]" = "iPhone Developer";
				COPY_PHASE_STRIP = YES;
				ENABLE_NS_ASSERTIONS = NO;
				ENABLE_STRICT_OBJC_MSGSEND = YES;
				GCC_C_LANGUAGE_STANDARD = gnu99;
				GCC_WARN_64_TO_32_BIT_CONVERSION = YES;
				GCC_WARN_ABOUT_RETURN_TYPE = YES_ERROR;
				GCC_WARN_UNDECLARED_SELECTOR = YES;
				GCC_WARN_UNINITIALIZED_AUTOS = YES_AGGRESSIVE;
				GCC_WARN_UNUSED_FUNCTION = YES;
				GCC_WARN_UNUSED_VARIABLE = YES;
				IPHONEOS_DEPLOYMENT_TARGET = 8.1;
				MTL_ENABLE_DEBUG_INFO = NO;
				SDKROOT = iphoneos;
				TARGETED_DEVICE_FAMILY = "1,2";
				VALIDATE_PRODUCT = YES;
			};
			name = Release;
		};
		92F634671A5FAD9500F8D912 /* Debug */ = {
			isa = XCBuildConfiguration;
			buildSettings = {
				ASSETCATALOG_COMPILER_APPICON_NAME = AppIcon;
				INFOPLIST_FILE = ShopTweet/Info.plist;
				LD_RUNPATH_SEARCH_PATHS = "$(inherited) @executable_path/Frameworks";
				PRODUCT_NAME = "$(TARGET_NAME)";
			};
			name = Debug;
		};
		92F634681A5FAD9500F8D912 /* Release */ = {
			isa = XCBuildConfiguration;
			buildSettings = {
				ASSETCATALOG_COMPILER_APPICON_NAME = AppIcon;
				INFOPLIST_FILE = ShopTweet/Info.plist;
				LD_RUNPATH_SEARCH_PATHS = "$(inherited) @executable_path/Frameworks";
				PRODUCT_NAME = "$(TARGET_NAME)";
			};
			name = Release;
		};
		92F6346A1A5FAD9500F8D912 /* Debug */ = {
			isa = XCBuildConfiguration;
			buildSettings = {
				BUNDLE_LOADER = "$(TEST_HOST)";
				FRAMEWORK_SEARCH_PATHS = (
					"$(SDKROOT)/Developer/Library/Frameworks",
					"$(inherited)",
				);
				GCC_PREPROCESSOR_DEFINITIONS = (
					"DEBUG=1",
					"$(inherited)",
				);
				INFOPLIST_FILE = ShopTweetTests/Info.plist;
				LD_RUNPATH_SEARCH_PATHS = "$(inherited) @executable_path/Frameworks @loader_path/Frameworks";
				PRODUCT_NAME = "$(TARGET_NAME)";
				TEST_HOST = "$(BUILT_PRODUCTS_DIR)/ShopTweet.app/ShopTweet";
			};
			name = Debug;
		};
		92F6346B1A5FAD9500F8D912 /* Release */ = {
			isa = XCBuildConfiguration;
			buildSettings = {
				BUNDLE_LOADER = "$(TEST_HOST)";
				FRAMEWORK_SEARCH_PATHS = (
					"$(SDKROOT)/Developer/Library/Frameworks",
					"$(inherited)",
				);
				INFOPLIST_FILE = ShopTweetTests/Info.plist;
				LD_RUNPATH_SEARCH_PATHS = "$(inherited) @executable_path/Frameworks @loader_path/Frameworks";
				PRODUCT_NAME = "$(TARGET_NAME)";
				TEST_HOST = "$(BUILT_PRODUCTS_DIR)/ShopTweet.app/ShopTweet";
			};
			name = Release;
		};
/* End XCBuildConfiguration section */

/* Begin XCConfigurationList section */
		92F634421A5FAD9500F8D912 /* Build configuration list for PBXProject "ShopTweet" */ = {
			isa = XCConfigurationList;
			buildConfigurations = (
				92F634641A5FAD9500F8D912 /* Debug */,
				92F634651A5FAD9500F8D912 /* Release */,
			);
			defaultConfigurationIsVisible = 0;
			defaultConfigurationName = Release;
		};
		92F634661A5FAD9500F8D912 /* Build configuration list for PBXNativeTarget "ShopTweet" */ = {
			isa = XCConfigurationList;
			buildConfigurations = (
				92F634671A5FAD9500F8D912 /* Debug */,
				92F634681A5FAD9500F8D912 /* Release */,
			);
			defaultConfigurationIsVisible = 0;
			defaultConfigurationName = Release;
		};
		92F634691A5FAD9500F8D912 /* Build configuration list for PBXNativeTarget "ShopTweetTests" */ = {
			isa = XCConfigurationList;
			buildConfigurations = (
				92F6346A1A5FAD9500F8D912 /* Debug */,
				92F6346B1A5FAD9500F8D912 /* Release */,
			);
			defaultConfigurationIsVisible = 0;
			defaultConfigurationName = Release;
		};
/* End XCConfigurationList section */
	};
	rootObject = 92F6343F1A5FAD9500F8D912 /* Project object */;
}
